
Microsoft Visual Studio Solution File, Format Version 12.00
# Visual Studio Version 16
VisualStudioVersion = 16.0.30503.244
MinimumVisualStudioVersion = 10.0.40219.1
Project("{8BC9CEB8-8B4A-11D0-8D11-00A0C91BC942}") = "week16,17_n1_AntoniukSS", "week16,17_n1_AntoniukSS\week16,17_n1_AntoniukSS.vcxproj", "{7AA24AFD-11E3-4CB0-AAA5-23120BF518AB}"
EndProject
Global
	GlobalSection(SolutionConfigurationPlatforms) = preSolution
		Debug|x64 = Debug|x64
		Debug|x86 = Debug|x86
		Release|x64 = Release|x64
		Release|x86 = Release|x86
	EndGlobalSection
	GlobalSection(ProjectConfigurationPlatforms) = postSolution
		{7AA24AFD-11E3-4CB0-AAA5-23120BF518AB}.Debug|x64.ActiveCfg = Debug|x64
		{7AA24AFD-11E3-4CB0-AAA5-23120BF518AB}.Debug|x64.Build.0 = Debug|x64
		{7AA24AFD-11E3-4CB0-AAA5-23120BF518AB}.Debug|x86.ActiveCfg = Debug|Win32
		{7AA24AFD-11E3-4CB0-AAA5-23120BF518AB}.Debug|x86.Build.0 = Debug|Win32
		{7AA24AFD-11E3-4CB0-AAA5-23120BF518AB}.Release|x64.ActiveCfg = Release|x64
		{7AA24AFD-11E3-4CB0-AAA5-23120BF518AB}.Release|x64.Build.0 = Release|x64
		{7AA24AFD-11E3-4CB0-AAA5-23120BF518AB}.Release|x86.ActiveCfg = Release|Win32
		{7AA24AFD-11E3-4CB0-AAA5-23120BF518AB}.Release|x86.Build.0 = Release|Win32
	EndGlobalSection
	GlobalSection(SolutionProperties) = preSolution
		HideSolutionNode = FALSE
	EndGlobalSection
	GlobalSection(ExtensibilityGlobals) = postSolution
		SolutionGuid = {F3C628A9-3034-4EE6-AA5D-C74B4315B952}
	EndGlobalSection
EndGlobal
